
Microsoft Visual Studio Solution File, Format Version 11.00
# Visual Studio 2010
Project("{FAE04EC0-301F-11D3-BF4B-00C04F79EFBC}") = "Sam.DAO", "Sam.DAO.csproj", "{BB313425-9F34-4C95-8941-982BF399C0A2}"
EndProject
Project("{FAE04EC0-301F-11D3-BF4B-00C04F79EFBC}") = "TestProject1", "..\TestProject1\TestProject1.csproj", "{8871EB27-32DC-4FC4-8C7C-D079E490ABF6}"
EndProject
Project("{2150E333-8FDC-42A3-9474-1A3956D46DE8}") = "Solution Items", "Solution Items", "{003E6E2C-31B0-4977-95BE-BA8ACA04A210}"
	ProjectSection(SolutionItems) = preProject
		Local.testsettings = Local.testsettings
		Sam.DAO.vsmdi = Sam.DAO.vsmdi
		TraceAndTestImpact.testsettings = TraceAndTestImpact.testsettings
	EndProjectSection
EndProject
Project("{F088123C-0E9E-452A-89E6-6BA2F21D5CAC}") = "ModelingProject1", "..\ModelingProject1\ModelingProject1.modelproj", "{F6A67EDB-17A2-4E2A-A503-E8FF005A1059}"
EndProject
Project("{FAE04EC0-301F-11D3-BF4B-00C04F79EFBC}") = "Factory", "..\..\公司项目\UpRest\code\branches\v1.0\UpRest\Factory\Factory.csproj", "{0FDA71F1-A628-42A7-9D48-0027632AE277}"
EndProject
Global
	GlobalSection(TestCaseManagementSettings) = postSolution
		CategoryFile = Sam.DAO.vsmdi
	EndGlobalSection
	GlobalSection(SolutionConfigurationPlatforms) = preSolution
		Debug|Any CPU = Debug|Any CPU
		Debug|Mixed Platforms = Debug|Mixed Platforms
		Debug|x64 = Debug|x64
		Debug|x86 = Debug|x86
		Release|Any CPU = Release|Any CPU
		Release|Mixed Platforms = Release|Mixed Platforms
		Release|x64 = Release|x64
		Release|x86 = Release|x86
	EndGlobalSection
	GlobalSection(ProjectConfigurationPlatforms) = postSolution
		{BB313425-9F34-4C95-8941-982BF399C0A2}.Debug|Any CPU.ActiveCfg = Debug|Any CPU
		{BB313425-9F34-4C95-8941-982BF399C0A2}.Debug|Any CPU.Build.0 = Debug|Any CPU
		{BB313425-9F34-4C95-8941-982BF399C0A2}.Debug|Mixed Platforms.ActiveCfg = Debug|Any CPU
		{BB313425-9F34-4C95-8941-982BF399C0A2}.Debug|Mixed Platforms.Build.0 = Debug|Any CPU
		{BB313425-9F34-4C95-8941-982BF399C0A2}.Debug|x64.ActiveCfg = Debug|Any CPU
		{BB313425-9F34-4C95-8941-982BF399C0A2}.Debug|x86.ActiveCfg = Debug|Any CPU
		{BB313425-9F34-4C95-8941-982BF399C0A2}.Release|Any CPU.ActiveCfg = Release|Any CPU
		{BB313425-9F34-4C95-8941-982BF399C0A2}.Release|Any CPU.Build.0 = Release|Any CPU
		{BB313425-9F34-4C95-8941-982BF399C0A2}.Release|Mixed Platforms.ActiveCfg = Release|Any CPU
		{BB313425-9F34-4C95-8941-982BF399C0A2}.Release|Mixed Platforms.Build.0 = Release|Any CPU
		{BB313425-9F34-4C95-8941-982BF399C0A2}.Release|x64.ActiveCfg = Release|Any CPU
		{BB313425-9F34-4C95-8941-982BF399C0A2}.Release|x86.ActiveCfg = Release|Any CPU
		{8871EB27-32DC-4FC4-8C7C-D079E490ABF6}.Debug|Any CPU.ActiveCfg = Debug|Any CPU
		{8871EB27-32DC-4FC4-8C7C-D079E490ABF6}.Debug|Any CPU.Build.0 = Debug|Any CPU
		{8871EB27-32DC-4FC4-8C7C-D079E490ABF6}.Debug|Mixed Platforms.ActiveCfg = Debug|Any CPU
		{8871EB27-32DC-4FC4-8C7C-D079E490ABF6}.Debug|Mixed Platforms.Build.0 = Debug|Any CPU
		{8871EB27-32DC-4FC4-8C7C-D079E490ABF6}.Debug|x64.ActiveCfg = Debug|Any CPU
		{8871EB27-32DC-4FC4-8C7C-D079E490ABF6}.Debug|x86.ActiveCfg = Debug|Any CPU
		{8871EB27-32DC-4FC4-8C7C-D079E490ABF6}.Release|Any CPU.ActiveCfg = Release|Any CPU
		{8871EB27-32DC-4FC4-8C7C-D079E490ABF6}.Release|Any CPU.Build.0 = Release|Any CPU
		{8871EB27-32DC-4FC4-8C7C-D079E490ABF6}.Release|Mixed Platforms.ActiveCfg = Release|Any CPU
		{8871EB27-32DC-4FC4-8C7C-D079E490ABF6}.Release|Mixed Platforms.Build.0 = Release|Any CPU
		{8871EB27-32DC-4FC4-8C7C-D079E490ABF6}.Release|x64.ActiveCfg = Release|Any CPU
		{8871EB27-32DC-4FC4-8C7C-D079E490ABF6}.Release|x86.ActiveCfg = Release|Any CPU
		{F6A67EDB-17A2-4E2A-A503-E8FF005A1059}.Debug|Any CPU.ActiveCfg = Debug|Any CPU
		{F6A67EDB-17A2-4E2A-A503-E8FF005A1059}.Debug|Any CPU.Build.0 = Debug|Any CPU
		{F6A67EDB-17A2-4E2A-A503-E8FF005A1059}.Debug|Mixed Platforms.ActiveCfg = Debug|Any CPU
		{F6A67EDB-17A2-4E2A-A503-E8FF005A1059}.Debug|Mixed Platforms.Build.0 = Debug|Any CPU
		{F6A67EDB-17A2-4E2A-A503-E8FF005A1059}.Debug|x64.ActiveCfg = Debug|Any CPU
		{F6A67EDB-17A2-4E2A-A503-E8FF005A1059}.Debug|x86.ActiveCfg = Debug|Any CPU
		{F6A67EDB-17A2-4E2A-A503-E8FF005A1059}.Release|Any CPU.ActiveCfg = Release|Any CPU
		{F6A67EDB-17A2-4E2A-A503-E8FF005A1059}.Release|Any CPU.Build.0 = Release|Any CPU
		{F6A67EDB-17A2-4E2A-A503-E8FF005A1059}.Release|Mixed Platforms.ActiveCfg = Release|Any CPU
		{F6A67EDB-17A2-4E2A-A503-E8FF005A1059}.Release|Mixed Platforms.Build.0 = Release|Any CPU
		{F6A67EDB-17A2-4E2A-A503-E8FF005A1059}.Release|x64.ActiveCfg = Release|Any CPU
		{F6A67EDB-17A2-4E2A-A503-E8FF005A1059}.Release|x86.ActiveCfg = Release|Any CPU
		{0FDA71F1-A628-42A7-9D48-0027632AE277}.Debug|Any CPU.ActiveCfg = Debug|Any CPU
		{0FDA71F1-A628-42A7-9D48-0027632AE277}.Debug|Any CPU.Build.0 = Debug|Any CPU
		{0FDA71F1-A628-42A7-9D48-0027632AE277}.Debug|Mixed Platforms.ActiveCfg = Debug|x64
		{0FDA71F1-A628-42A7-9D48-0027632AE277}.Debug|Mixed Platforms.Build.0 = Debug|x64
		{0FDA71F1-A628-42A7-9D48-0027632AE277}.Debug|x64.ActiveCfg = Debug|x64
		{0FDA71F1-A628-42A7-9D48-0027632AE277}.Debug|x64.Build.0 = Debug|x64
		{0FDA71F1-A628-42A7-9D48-0027632AE277}.Debug|x86.ActiveCfg = Debug|x64
		{0FDA71F1-A628-42A7-9D48-0027632AE277}.Release|Any CPU.ActiveCfg = Release|Any CPU
		{0FDA71F1-A628-42A7-9D48-0027632AE277}.Release|Any CPU.Build.0 = Release|Any CPU
		{0FDA71F1-A628-42A7-9D48-0027632AE277}.Release|Mixed Platforms.ActiveCfg = Release|x64
		{0FDA71F1-A628-42A7-9D48-0027632AE277}.Release|Mixed Platforms.Build.0 = Release|x64
		{0FDA71F1-A628-42A7-9D48-0027632AE277}.Release|x64.ActiveCfg = Release|x64
		{0FDA71F1-A628-42A7-9D48-0027632AE277}.Release|x64.Build.0 = Release|x64
		{0FDA71F1-A628-42A7-9D48-0027632AE277}.Release|x86.ActiveCfg = Release|x64
	EndGlobalSection
	GlobalSection(SolutionProperties) = preSolution
		HideSolutionNode = FALSE
	EndGlobalSection
EndGlobal
